{
  "requires": true,
  "lockfileVersion": 1,
  "dependencies": {
    "jsnes": {
      "version": "1.1.0",
      "resolved": "https://registry.npmjs.org/jsnes/-/jsnes-1.1.0.tgz",
      "integrity": "sha512-E0UJ68aiOoC3beU/I3Zq61SRK6wz1re3ddzURnkn5bv489GYUI0vh++YOQ3Mz/7GtyaYFXgm7P+kXpfIqHOheg=="
    },
    "three": {
      "version": "0.137.0",
      "resolved": "https://registry.npmjs.org/three/-/three-0.137.0.tgz",
      "integrity": "sha512-rzSDhia6cU35UCy6y+zEEws6vSgytfHqFMSaBvUcySgzwvDO6vETyswtSNi/+aVqJw8WLMwyT1mlQQ1T/dxxOA=="
    }
  }
}
